
Microsoft Visual Studio Solution File, Format Version 12.00
# Visual Studio Version 16
VisualStudioVersion = 16.0.29806.167
MinimumVisualStudioVersion = 10.0.40219.1
Project("{9A19103F-16F7-4668-BE54-9A1E7A4F7556}") = "net microservices", "net microservices\net microservices.csproj", "{25D22827-DA74-4E86-A987-7E33378121DC}"
EndProject
Project("{9A19103F-16F7-4668-BE54-9A1E7A4F7556}") = "Actio.Api", "Actio.Api\Actio.Api.csproj", "{04EB3057-20F9-4A85-84EB-947328AD98F9}"
EndProject
Project("{9A19103F-16F7-4668-BE54-9A1E7A4F7556}") = "Actio.Services.Activities", "Actio.Services.Activities\Actio.Services.Activities.csproj", "{9A804E07-09E2-4C01-AD0B-CF2B286380BB}"
EndProject
Project("{9A19103F-16F7-4668-BE54-9A1E7A4F7556}") = "Actio.Services.Identity", "Actio.Services.Identity\Actio.Services.Identity.csproj", "{2D29D353-EB93-474B-A920-00259EEF2763}"
EndProject
Project("{9A19103F-16F7-4668-BE54-9A1E7A4F7556}") = "Actio.Common", "Actio.Common\Actio.Common.csproj", "{B5066B2E-1F63-4196-91A3-EDF167215239}"
EndProject
Global
	GlobalSection(SolutionConfigurationPlatforms) = preSolution
		Debug|Any CPU = Debug|Any CPU
		Release|Any CPU = Release|Any CPU
	EndGlobalSection
	GlobalSection(ProjectConfigurationPlatforms) = postSolution
		{25D22827-DA74-4E86-A987-7E33378121DC}.Debug|Any CPU.ActiveCfg = Debug|Any CPU
		{25D22827-DA74-4E86-A987-7E33378121DC}.Debug|Any CPU.Build.0 = Debug|Any CPU
		{25D22827-DA74-4E86-A987-7E33378121DC}.Release|Any CPU.ActiveCfg = Release|Any CPU
		{25D22827-DA74-4E86-A987-7E33378121DC}.Release|Any CPU.Build.0 = Release|Any CPU
		{04EB3057-20F9-4A85-84EB-947328AD98F9}.Debug|Any CPU.ActiveCfg = Debug|Any CPU
		{04EB3057-20F9-4A85-84EB-947328AD98F9}.Debug|Any CPU.Build.0 = Debug|Any CPU
		{04EB3057-20F9-4A85-84EB-947328AD98F9}.Release|Any CPU.ActiveCfg = Release|Any CPU
		{04EB3057-20F9-4A85-84EB-947328AD98F9}.Release|Any CPU.Build.0 = Release|Any CPU
		{9A804E07-09E2-4C01-AD0B-CF2B286380BB}.Debug|Any CPU.ActiveCfg = Debug|Any CPU
		{9A804E07-09E2-4C01-AD0B-CF2B286380BB}.Debug|Any CPU.Build.0 = Debug|Any CPU
		{9A804E07-09E2-4C01-AD0B-CF2B286380BB}.Release|Any CPU.ActiveCfg = Release|Any CPU
		{9A804E07-09E2-4C01-AD0B-CF2B286380BB}.Release|Any CPU.Build.0 = Release|Any CPU
		{2D29D353-EB93-474B-A920-00259EEF2763}.Debug|Any CPU.ActiveCfg = Debug|Any CPU
		{2D29D353-EB93-474B-A920-00259EEF2763}.Debug|Any CPU.Build.0 = Debug|Any CPU
		{2D29D353-EB93-474B-A920-00259EEF2763}.Release|Any CPU.ActiveCfg = Release|Any CPU
		{2D29D353-EB93-474B-A920-00259EEF2763}.Release|Any CPU.Build.0 = Release|Any CPU
		{B5066B2E-1F63-4196-91A3-EDF167215239}.Debug|Any CPU.ActiveCfg = Debug|Any CPU
		{B5066B2E-1F63-4196-91A3-EDF167215239}.Debug|Any CPU.Build.0 = Debug|Any CPU
		{B5066B2E-1F63-4196-91A3-EDF167215239}.Release|Any CPU.ActiveCfg = Release|Any CPU
		{B5066B2E-1F63-4196-91A3-EDF167215239}.Release|Any CPU.Build.0 = Release|Any CPU
	EndGlobalSection
	GlobalSection(SolutionProperties) = preSolution
		HideSolutionNode = FALSE
	EndGlobalSection
	GlobalSection(ExtensibilityGlobals) = postSolution
		SolutionGuid = {D423802F-A05C-4B65-94BD-B629DD7FEB0A}
	EndGlobalSection
EndGlobal
